
Microsoft Visual Studio Solution File, Format Version 12.00
# Visual Studio Version 16
VisualStudioVersion = 16.0.29403.142
MinimumVisualStudioVersion = 10.0.40219.1
Project("{9A19103F-16F7-4668-BE54-9A1E7A4F7556}") = "PictureGuessing", "PictureGuessing\PictureGuessing.csproj", "{3517C199-4DFA-4ABC-B100-33FA9324EA39}"
EndProject
Global
	GlobalSection(SolutionConfigurationPlatforms) = preSolution
		Debug|Any CPU = Debug|Any CPU
		Release|Any CPU = Release|Any CPU
	EndGlobalSection
	GlobalSection(ProjectConfigurationPlatforms) = postSolution
		{3517C199-4DFA-4ABC-B100-33FA9324EA39}.Debug|Any CPU.ActiveCfg = Debug|Any CPU
		{3517C199-4DFA-4ABC-B100-33FA9324EA39}.Debug|Any CPU.Build.0 = Debug|Any CPU
		{3517C199-4DFA-4ABC-B100-33FA9324EA39}.Release|Any CPU.ActiveCfg = Release|Any CPU
		{3517C199-4DFA-4ABC-B100-33FA9324EA39}.Release|Any CPU.Build.0 = Release|Any CPU
	EndGlobalSection
	GlobalSection(SolutionProperties) = preSolution
		HideSolutionNode = FALSE
	EndGlobalSection
	GlobalSection(ExtensibilityGlobals) = postSolution
		SolutionGuid = {7822C736-6F38-4965-8F4D-3A16B9A8F101}
	EndGlobalSection
EndGlobal
