
Microsoft Visual Studio Solution File, Format Version 12.00
# Visual Studio Version 16
VisualStudioVersion = 16.0.29403.142
MinimumVisualStudioVersion = 10.0.40219.1
Project("{FAE04EC0-301F-11D3-BF4B-00C04F79EFBC}") = "PictureGuessingTesting", "PictureGuessingTesting\PictureGuessingTesting.csproj", "{EA04F91D-2EFB-4512-8CBD-1E8356E941FA}"
EndProject
Global
	GlobalSection(SolutionConfigurationPlatforms) = preSolution
		Debug|Any CPU = Debug|Any CPU
		Release|Any CPU = Release|Any CPU
	EndGlobalSection
	GlobalSection(ProjectConfigurationPlatforms) = postSolution
		{EA04F91D-2EFB-4512-8CBD-1E8356E941FA}.Debug|Any CPU.ActiveCfg = Debug|Any CPU
		{EA04F91D-2EFB-4512-8CBD-1E8356E941FA}.Debug|Any CPU.Build.0 = Debug|Any CPU
		{EA04F91D-2EFB-4512-8CBD-1E8356E941FA}.Release|Any CPU.ActiveCfg = Release|Any CPU
		{EA04F91D-2EFB-4512-8CBD-1E8356E941FA}.Release|Any CPU.Build.0 = Release|Any CPU
	EndGlobalSection
	GlobalSection(SolutionProperties) = preSolution
		HideSolutionNode = FALSE
	EndGlobalSection
	GlobalSection(ExtensibilityGlobals) = postSolution
		SolutionGuid = {BBE84313-2345-4F4D-B311-6F59EBD058D3}
	EndGlobalSection
EndGlobal
